// !$*UTF8*$!
{
	archiveVersion = 1;
	classes = {
	};
	objectVersion = 53;
	objects = {

/* Begin PBXBuildFile section */
		CA60B526C76A4585B85F7A92 /* Cargo.toml in Sources */ = {isa = PBXBuildFile; fileRef = CA6036150C2F3EF4668187A5 /* Cargo.toml */; settings = {COMPILER_FLAGS = "--lib"; }; };
		CA60B526C76AC5B26754293A /* Cargo.toml in Sources */ = {isa = PBXBuildFile; fileRef = CA6036150C2F3EF4668187A5 /* Cargo.toml */; settings = {COMPILER_FLAGS = "--bin 'rust'"; }; };
		CA60B526C76AD4420038CA2E /* Cargo.toml in Sources */ = {isa = PBXBuildFile; fileRef = CA6036150C2F3EF4668187A5 /* Cargo.toml */; settings = {COMPILER_FLAGS = "--lib"; }; };
/* End PBXBuildFile section */

/* Begin PBXBuildRule section */
		CA6036150C2FAC6C1400ACA8 /* PBXBuildRule */ = {
			isa = PBXBuildRule;
			compilerSpec = com.apple.compilers.proxy.script;
			dependencyFile = "$(DERIVED_FILE_DIR)/$(CARGO_XCODE_TARGET_ARCH)-$(EXECUTABLE_NAME).d";
			filePatterns = "*/Cargo.toml";
			fileType = pattern.proxy;
			inputFiles = (
			);
			isEditable = 0;
			name = "Cargo project build";
			outputFiles = (
				"$(OBJECT_FILE_DIR)/$(CARGO_XCODE_TARGET_ARCH)-$(EXECUTABLE_NAME)",
			);
			script = "# generated with cargo-xcode 1.5.0\n\nset -eu; export PATH=\"$PATH:$HOME/.cargo/bin:/usr/local/bin\";\nif [ \"${IS_MACCATALYST-NO}\" = YES ]; then\n    CARGO_XCODE_TARGET_TRIPLE=\"${CARGO_XCODE_TARGET_ARCH}-apple-ios-macabi\"\nelse\n    CARGO_XCODE_TARGET_TRIPLE=\"${CARGO_XCODE_TARGET_ARCH}-apple-${CARGO_XCODE_TARGET_OS}\"\nfi\nif [ \"$CARGO_XCODE_TARGET_OS\" != \"darwin\" ]; then\n    PATH=\"${PATH/\\/Contents\\/Developer\\/Toolchains\\/XcodeDefault.xctoolchain\\/usr\\/bin:/xcode-provided-ld-cant-link-lSystem-for-the-host-build-script:}\"\nfi\nPATH=\"$PATH:/opt/homebrew/bin\" # Rust projects often depend on extra tools like nasm, which Xcode lacks\nif [ \"$CARGO_XCODE_BUILD_MODE\" == release ]; then\n    OTHER_INPUT_FILE_FLAGS=\"${OTHER_INPUT_FILE_FLAGS} --release\"\nfi\nif command -v rustup &> /dev/null; then\n    if ! rustup target list --installed | egrep -q \"${CARGO_XCODE_TARGET_TRIPLE}\"; then\n        echo \"warning: this build requires rustup toolchain for $CARGO_XCODE_TARGET_TRIPLE, but it isn't installed\"\n        rustup target add \"${CARGO_XCODE_TARGET_TRIPLE}\" || echo >&2 \"warning: can't install $CARGO_XCODE_TARGET_TRIPLE\"\n    fi\nfi\nif [ \"$ACTION\" = clean ]; then\n ( set -x; cargo clean --manifest-path=\"$SCRIPT_INPUT_FILE\" ${OTHER_INPUT_FILE_FLAGS} --target=\"${CARGO_XCODE_TARGET_TRIPLE}\"; );\nelse\n ( set -x; cargo build --manifest-path=\"$SCRIPT_INPUT_FILE\" --features=\"${CARGO_XCODE_FEATURES:-}\" ${OTHER_INPUT_FILE_FLAGS} --target=\"${CARGO_XCODE_TARGET_TRIPLE}\"; );\nfi\n# it's too hard to explain Cargo's actual exe path to Xcode build graph, so hardlink to a known-good path instead\nBUILT_SRC=\"${CARGO_TARGET_DIR}/${CARGO_XCODE_TARGET_TRIPLE}/${CARGO_XCODE_BUILD_MODE}/${CARGO_XCODE_CARGO_FILE_NAME}\"\nln -f -- \"$BUILT_SRC\" \"$SCRIPT_OUTPUT_FILE_0\"\n\n# xcode generates dep file, but for its own path, so append our rename to it\nDEP_FILE_SRC=\"${CARGO_TARGET_DIR}/${CARGO_XCODE_TARGET_TRIPLE}/${CARGO_XCODE_BUILD_MODE}/${CARGO_XCODE_CARGO_DEP_FILE_NAME}\"\nif [ -f \"$DEP_FILE_SRC\" ]; then\n    DEP_FILE_DST=\"${DERIVED_FILE_DIR}/${CARGO_XCODE_TARGET_ARCH}-${EXECUTABLE_NAME}.d\"\n    cp -f \"$DEP_FILE_SRC\" \"$DEP_FILE_DST\"\n    echo >> \"$DEP_FILE_DST\" \"$SCRIPT_OUTPUT_FILE_0: $BUILT_SRC\"\nfi\n\n# lipo script needs to know all the platform-specific files that have been built\n# archs is in the file name, so that paths don't stay around after archs change\n# must match input for LipoScript\nFILE_LIST=\"${DERIVED_FILE_DIR}/${ARCHS}-${EXECUTABLE_NAME}.xcfilelist\"\ntouch \"$FILE_LIST\"\nif ! egrep -q \"$SCRIPT_OUTPUT_FILE_0\" \"$FILE_LIST\" ; then\n    echo >> \"$FILE_LIST\" \"$SCRIPT_OUTPUT_FILE_0\"\nfi\n";
		};
/* End PBXBuildRule section */

/* Begin PBXFileReference section */
		ADDEDBA66A6E1 /* libresolv.tbd */ = {isa = PBXFileReference; lastKnownFileType = "sourcecode.text-based-dylib-definition"; name = libresolv.tbd; path = usr/lib/libresolv.tbd; sourceTree = SDKROOT; };
		CA600071963D3C0BDCB816E1 /* librust_static.a */ = {isa = PBXFileReference; explicitFileType = archive.ar; includeInIndex = 0; path = librust_static.a; sourceTree = BUILT_PRODUCTS_DIR; };
		CA6036150C2F3EF4668187A5 /* Cargo.toml */ = {isa = PBXFileReference; fileEncoding = 4; lastKnownFileType = text; path = Cargo.toml; sourceTree = "<group>"; };
		CA60559BCAB16FB1C8CBD38F /* rust */ = {isa = PBXFileReference; explicitFileType = "compiled.mach-o.executable"; includeInIndex = 0; path = rust; sourceTree = BUILT_PRODUCTS_DIR; };
		CA60A8545BF1F106A24E505E /* rust.dylib */ = {isa = PBXFileReference; explicitFileType = "compiled.mach-o.dylib"; includeInIndex = 0; path = rust.dylib; sourceTree = BUILT_PRODUCTS_DIR; };
/* End PBXFileReference section */

/* Begin PBXGroup section */
		ADDEDBA66A6E2 /* Required for static linking */ = {
			isa = PBXGroup;
			children = (
				ADDEDBA66A6E1 /* libresolv.tbd */,
			);
			name = "Required for static linking";
			sourceTree = "<group>";
		};
		CA6036150C2F22869D176AE5 /* Products */ = {
			isa = PBXGroup;
			children = (
				CA600071963D3C0BDCB816E1 /* librust_static.a */,
				CA60A8545BF1F106A24E505E /* rust.dylib */,
				CA60559BCAB16FB1C8CBD38F /* rust */,
			);
			name = Products;
			sourceTree = "<group>";
		};
		CA6036150C2F98AF0B5890DB /* Frameworks */ = {
			isa = PBXGroup;
			children = (
				ADDEDBA66A6E2 /* Required for static linking */,
			);
			name = Frameworks;
			sourceTree = "<group>";
		};
		CA6036150C2FD65BC3C892A8 = {
			isa = PBXGroup;
			children = (
				CA6036150C2F3EF4668187A5 /* Cargo.toml */,
				CA6036150C2F22869D176AE5 /* Products */,
				CA6036150C2F98AF0B5890DB /* Frameworks */,
			);
			sourceTree = "<group>";
		};
/* End PBXGroup section */

/* Begin PBXNativeTarget section */
		CA600071963D4585B85F7A92 /* rust-staticlib */ = {
			isa = PBXNativeTarget;
			buildConfigurationList = CA609BEACC2D4585B85F7A92 /* Build configuration list for PBXNativeTarget "rust-staticlib" */;
			buildPhases = (
				CA60F4887A4B4585B85F7A92 /* Sources */,
				CA6036150C2FAF6EBB7F357C /* Universal Binary lipo */,
			);
			buildRules = (
				CA6036150C2FAC6C1400ACA8 /* PBXBuildRule */,
			);
			dependencies = (
			);
			name = "rust-staticlib";
			productName = librust_static.a;
			productReference = CA600071963D3C0BDCB816E1 /* librust_static.a */;
			productType = "com.apple.product-type.library.static";
		};
		CA60559BCAB1C5B26754293A /* rust-bin */ = {
			isa = PBXNativeTarget;
			buildConfigurationList = CA609BEACC2DC5B26754293A /* Build configuration list for PBXNativeTarget "rust-bin" */;
			buildPhases = (
				CA60F4887A4BC5B26754293A /* Sources */,
				CA6036150C2FAF6EBB7F357C /* Universal Binary lipo */,
			);
			buildRules = (
				CA6036150C2FAC6C1400ACA8 /* PBXBuildRule */,
			);
			dependencies = (
			);
			name = "rust-bin";
			productName = rust;
			productReference = CA60559BCAB16FB1C8CBD38F /* rust */;
			productType = "com.apple.product-type.tool";
		};
		CA60A8545BF1D4420038CA2E /* rust-cdylib */ = {
			isa = PBXNativeTarget;
			buildConfigurationList = CA609BEACC2DD4420038CA2E /* Build configuration list for PBXNativeTarget "rust-cdylib" */;
			buildPhases = (
				CA60F4887A4BD4420038CA2E /* Sources */,
				CA6036150C2FAF6EBB7F357C /* Universal Binary lipo */,
			);
			buildRules = (
				CA6036150C2FAC6C1400ACA8 /* PBXBuildRule */,
			);
			dependencies = (
			);
			name = "rust-cdylib";
			productName = rust.dylib;
			productReference = CA60A8545BF1F106A24E505E /* rust.dylib */;
			productType = "com.apple.product-type.library.dynamic";
		};
/* End PBXNativeTarget section */

/* Begin PBXProject section */
		CA6036150C2FE04653AD465F /* Project object */ = {
			isa = PBXProject;
			attributes = {
				LastUpgradeCheck = 1300;
				TargetAttributes = {
					CA600071963D4585B85F7A92 = {
						CreatedOnToolsVersion = 9.2;
						ProvisioningStyle = Automatic;
					};
					CA60559BCAB1C5B26754293A = {
						CreatedOnToolsVersion = 9.2;
						ProvisioningStyle = Automatic;
					};
					CA60A8545BF1D4420038CA2E = {
						CreatedOnToolsVersion = 9.2;
						ProvisioningStyle = Automatic;
					};
				};
			};
			buildConfigurationList = CA6036150C2F80E02D6C7F57 /* Build configuration list for PBXProject "rust" */;
			compatibilityVersion = "Xcode 11.4";
			developmentRegion = en;
			hasScannedForEncodings = 0;
			knownRegions = (
				en,
				Base,
			);
			mainGroup = CA6036150C2FD65BC3C892A8;
			productRefGroup = CA6036150C2F22869D176AE5 /* Products */;
			projectDirPath = "";
			projectRoot = "";
			targets = (
				CA600071963D4585B85F7A92 /* rust-staticlib */,
				CA60A8545BF1D4420038CA2E /* rust-cdylib */,
				CA60559BCAB1C5B26754293A /* rust-bin */,
			);
		};
/* End PBXProject section */

/* Begin PBXShellScriptBuildPhase section */
		CA6036150C2FAF6EBB7F357C /* Universal Binary lipo */ = {
			isa = PBXShellScriptBuildPhase;
			buildActionMask = 2147483647;
			files = (
			);
			inputFileListPaths = (
			);
			inputPaths = (
				"$(DERIVED_FILE_DIR)/$(ARCHS)-$(EXECUTABLE_NAME).xcfilelist",
			);
			name = "Universal Binary lipo";
			outputFileListPaths = (
			);
			outputPaths = (
				"$(TARGET_BUILD_DIR)/$(EXECUTABLE_PATH)",
			);
			runOnlyForDeploymentPostprocessing = 0;
			shellPath = /bin/sh;
			shellScript = "# generated with cargo-xcode 1.5.0\n\n            set -eux; cat \"$DERIVED_FILE_DIR/$ARCHS-$EXECUTABLE_NAME.xcfilelist\" | tr '\\n' '\\0' | xargs -0 lipo -create -output \"$TARGET_BUILD_DIR/$EXECUTABLE_PATH\"\n            if [ ${LD_DYLIB_INSTALL_NAME:+1} ]; then\n                install_name_tool -id \"$LD_DYLIB_INSTALL_NAME\" \"$TARGET_BUILD_DIR/$EXECUTABLE_PATH\"\n            fi\n        ";
		};
/* End PBXShellScriptBuildPhase section */

/* Begin PBXSourcesBuildPhase section */
		CA60F4887A4B4585B85F7A92 /* Sources */ = {
			isa = PBXSourcesBuildPhase;
			buildActionMask = 2147483647;
			files = (
				CA60B526C76A4585B85F7A92 /* Cargo.toml in Sources */,
			);
			runOnlyForDeploymentPostprocessing = 0;
		};
		CA60F4887A4BC5B26754293A /* Sources */ = {
			isa = PBXSourcesBuildPhase;
			buildActionMask = 2147483647;
			files = (
				CA60B526C76AC5B26754293A /* Cargo.toml in Sources */,
			);
			runOnlyForDeploymentPostprocessing = 0;
		};
		CA60F4887A4BD4420038CA2E /* Sources */ = {
			isa = PBXSourcesBuildPhase;
			buildActionMask = 2147483647;
			files = (
				CA60B526C76AD4420038CA2E /* Cargo.toml in Sources */,
			);
			runOnlyForDeploymentPostprocessing = 0;
		};
/* End PBXSourcesBuildPhase section */

/* Begin XCBuildConfiguration section */
		CA603C6CE0C8228BE02872F8 /* Debug */ = {
			isa = XCBuildConfiguration;
			buildSettings = {
				ALWAYS_SEARCH_USER_PATHS = NO;
				CARGO_TARGET_DIR = "$(PROJECT_TEMP_DIR)/cargo_target";
				CARGO_XCODE_BUILD_MODE = debug;
				CARGO_XCODE_FEATURES = "";
				"CARGO_XCODE_TARGET_ARCH[arch=arm64*]" = aarch64;
				"CARGO_XCODE_TARGET_ARCH[arch=i386]" = i686;
				"CARGO_XCODE_TARGET_ARCH[arch=x86_64*]" = x86_64;
				"CARGO_XCODE_TARGET_OS[sdk=appletvos*]" = tvos;
				"CARGO_XCODE_TARGET_OS[sdk=appletvsimulator*]" = tvos;
				"CARGO_XCODE_TARGET_OS[sdk=iphoneos*]" = ios;
				"CARGO_XCODE_TARGET_OS[sdk=iphonesimulator*]" = "ios-sim";
				"CARGO_XCODE_TARGET_OS[sdk=iphonesimulator*][arch=x86_64*]" = ios;
				"CARGO_XCODE_TARGET_OS[sdk=macosx*]" = darwin;
				CURRENT_PROJECT_VERSION = 0.1;
				MARKETING_VERSION = 0.1.0;
				ONLY_ACTIVE_ARCH = YES;
				PRODUCT_NAME = rust;
				SDKROOT = macosx;
				SUPPORTS_MACCATALYST = YES;
			};
			name = Debug;
		};
		CA603C6CE0C83CC16B37690B /* Release */ = {
			isa = XCBuildConfiguration;
			buildSettings = {
				ALWAYS_SEARCH_USER_PATHS = NO;
				CARGO_TARGET_DIR = "$(PROJECT_TEMP_DIR)/cargo_target";
				CARGO_XCODE_BUILD_MODE = release;
				CARGO_XCODE_FEATURES = "";
				"CARGO_XCODE_TARGET_ARCH[arch=arm64*]" = aarch64;
				"CARGO_XCODE_TARGET_ARCH[arch=i386]" = i686;
				"CARGO_XCODE_TARGET_ARCH[arch=x86_64*]" = x86_64;
				"CARGO_XCODE_TARGET_OS[sdk=appletvos*]" = tvos;
				"CARGO_XCODE_TARGET_OS[sdk=appletvsimulator*]" = tvos;
				"CARGO_XCODE_TARGET_OS[sdk=iphoneos*]" = ios;
				"CARGO_XCODE_TARGET_OS[sdk=iphonesimulator*]" = "ios-sim";
				"CARGO_XCODE_TARGET_OS[sdk=iphonesimulator*][arch=x86_64*]" = ios;
				"CARGO_XCODE_TARGET_OS[sdk=macosx*]" = darwin;
				CURRENT_PROJECT_VERSION = 0.1;
				MARKETING_VERSION = 0.1.0;
				PRODUCT_NAME = rust;
				SDKROOT = macosx;
				SUPPORTS_MACCATALYST = YES;
			};
			name = Release;
		};
		CA60CBAA06334585B85F7A92 /* Debug */ = {
			isa = XCBuildConfiguration;
			buildSettings = {
				CARGO_XCODE_CARGO_DEP_FILE_NAME = librust.d;
				CARGO_XCODE_CARGO_FILE_NAME = librust.a;
				INSTALL_GROUP = "";
				INSTALL_MODE_FLAG = "";
				INSTALL_OWNER = "";
				PRODUCT_NAME = rust_static;
				SKIP_INSTALL = YES;
				SUPPORTED_PLATFORMS = "macosx iphonesimulator iphoneos appletvsimulator appletvos";
			};
			name = Debug;
		};
		CA60CBAA0633C5B26754293A /* Debug */ = {
			isa = XCBuildConfiguration;
			buildSettings = {
				CARGO_XCODE_CARGO_DEP_FILE_NAME = rust.d;
				CARGO_XCODE_CARGO_FILE_NAME = rust;
				PRODUCT_NAME = rust;
				SUPPORTED_PLATFORMS = macosx;
			};
			name = Debug;
		};
		CA60CBAA0633D4420038CA2E /* Debug */ = {
			isa = XCBuildConfiguration;
			buildSettings = {
				CARGO_XCODE_CARGO_DEP_FILE_NAME = librust.d;
				CARGO_XCODE_CARGO_FILE_NAME = librust.dylib;
				DYLIB_COMPATIBILITY_VERSION = 0;
				LD_DYLIB_INSTALL_NAME = "@rpath/$(EXECUTABLE_PATH)";
				PRODUCT_NAME = rust;
				SUPPORTED_PLATFORMS = macosx;
			};
			name = Debug;
		};
		CA60EFECDD734585B85F7A92 /* Release */ = {
			isa = XCBuildConfiguration;
			buildSettings = {
				CARGO_XCODE_CARGO_DEP_FILE_NAME = librust.d;
				CARGO_XCODE_CARGO_FILE_NAME = librust.a;
				INSTALL_GROUP = "";
				INSTALL_MODE_FLAG = "";
				INSTALL_OWNER = "";
				PRODUCT_NAME = rust_static;
				SKIP_INSTALL = YES;
				SUPPORTED_PLATFORMS = "macosx iphonesimulator iphoneos appletvsimulator appletvos";
			};
			name = Release;
		};
		CA60EFECDD73C5B26754293A /* Release */ = {
			isa = XCBuildConfiguration;
			buildSettings = {
				CARGO_XCODE_CARGO_DEP_FILE_NAME = rust.d;
				CARGO_XCODE_CARGO_FILE_NAME = rust;
				PRODUCT_NAME = rust;
				SUPPORTED_PLATFORMS = macosx;
			};
			name = Release;
		};
		CA60EFECDD73D4420038CA2E /* Release */ = {
			isa = XCBuildConfiguration;
			buildSettings = {
				CARGO_XCODE_CARGO_DEP_FILE_NAME = librust.d;
				CARGO_XCODE_CARGO_FILE_NAME = librust.dylib;
				DYLIB_COMPATIBILITY_VERSION = 0;
				PRODUCT_NAME = rust;
				SUPPORTED_PLATFORMS = macosx;
			};
			name = Release;
		};
/* End XCBuildConfiguration section */

/* Begin XCConfigurationList section */
		CA6036150C2F80E02D6C7F57 /* Build configuration list for PBXProject "rust" */ = {
			isa = XCConfigurationList;
			buildConfigurations = (
				CA603C6CE0C83CC16B37690B /* Release */,
				CA603C6CE0C8228BE02872F8 /* Debug */,
			);
			defaultConfigurationIsVisible = 0;
			defaultConfigurationName = Release;
		};
		CA609BEACC2D4585B85F7A92 /* Build configuration list for PBXNativeTarget "rust-staticlib" */ = {
			isa = XCConfigurationList;
			buildConfigurations = (
				CA60EFECDD734585B85F7A92 /* Release */,
				CA60CBAA06334585B85F7A92 /* Debug */,
			);
			defaultConfigurationIsVisible = 0;
			defaultConfigurationName = Release;
		};
		CA609BEACC2DC5B26754293A /* Build configuration list for PBXNativeTarget "rust-bin" */ = {
			isa = XCConfigurationList;
			buildConfigurations = (
				CA60EFECDD73C5B26754293A /* Release */,
				CA60CBAA0633C5B26754293A /* Debug */,
			);
			defaultConfigurationIsVisible = 0;
			defaultConfigurationName = Release;
		};
		CA609BEACC2DD4420038CA2E /* Build configuration list for PBXNativeTarget "rust-cdylib" */ = {
			isa = XCConfigurationList;
			buildConfigurations = (
				CA60EFECDD73D4420038CA2E /* Release */,
				CA60CBAA0633D4420038CA2E /* Debug */,
			);
			defaultConfigurationIsVisible = 0;
			defaultConfigurationName = Release;
		};
/* End XCConfigurationList section */
	};
	rootObject = CA6036150C2FE04653AD465F /* Project object */;
}
